
Microsoft Visual Studio Solution File, Format Version 12.00
# Visual Studio Version 17
VisualStudioVersion = 17.11.35303.130
MinimumVisualStudioVersion = 10.0.40219.1
Project("{9A19103F-16F7-4668-BE54-9A1E7A4F7556}") = "ErpToolkit", "ErpToolkit\ErpToolkit.csproj", "{FC6E037D-19ED-4B6F-93C2-18E0B04588CC}"
EndProject
Project("{9A19103F-16F7-4668-BE54-9A1E7A4F7556}") = "HealthDemo", "HealthDemo\HealthDemo.csproj", "{BD6ADB99-EBDF-4988-8A5D-281B4FB86196}"
EndProject
Project("{9A19103F-16F7-4668-BE54-9A1E7A4F7556}") = "Test", "Test\Test.csproj", "{66F15D4C-AC62-4347-8836-552D5ABE12DA}"
EndProject
Global
	GlobalSection(SolutionConfigurationPlatforms) = preSolution
		Debug|Any CPU = Debug|Any CPU
		Release|Any CPU = Release|Any CPU
	EndGlobalSection
	GlobalSection(ProjectConfigurationPlatforms) = postSolution
		{FC6E037D-19ED-4B6F-93C2-18E0B04588CC}.Debug|Any CPU.ActiveCfg = Debug|Any CPU
		{FC6E037D-19ED-4B6F-93C2-18E0B04588CC}.Debug|Any CPU.Build.0 = Debug|Any CPU
		{FC6E037D-19ED-4B6F-93C2-18E0B04588CC}.Release|Any CPU.ActiveCfg = Release|Any CPU
		{FC6E037D-19ED-4B6F-93C2-18E0B04588CC}.Release|Any CPU.Build.0 = Release|Any CPU
		{BD6ADB99-EBDF-4988-8A5D-281B4FB86196}.Debug|Any CPU.ActiveCfg = Debug|Any CPU
		{BD6ADB99-EBDF-4988-8A5D-281B4FB86196}.Debug|Any CPU.Build.0 = Debug|Any CPU
		{BD6ADB99-EBDF-4988-8A5D-281B4FB86196}.Release|Any CPU.ActiveCfg = Release|Any CPU
		{BD6ADB99-EBDF-4988-8A5D-281B4FB86196}.Release|Any CPU.Build.0 = Release|Any CPU
		{66F15D4C-AC62-4347-8836-552D5ABE12DA}.Debug|Any CPU.ActiveCfg = Debug|Any CPU
		{66F15D4C-AC62-4347-8836-552D5ABE12DA}.Debug|Any CPU.Build.0 = Debug|Any CPU
		{66F15D4C-AC62-4347-8836-552D5ABE12DA}.Release|Any CPU.ActiveCfg = Release|Any CPU
		{66F15D4C-AC62-4347-8836-552D5ABE12DA}.Release|Any CPU.Build.0 = Release|Any CPU
	EndGlobalSection
	GlobalSection(SolutionProperties) = preSolution
		HideSolutionNode = FALSE
	EndGlobalSection
	GlobalSection(ExtensibilityGlobals) = postSolution
		SolutionGuid = {DB834AC2-C63C-400A-A2CE-0E53F66C2C9B}
	EndGlobalSection
EndGlobal
